dependencies:
- name: ska-tango-devices
  repository: https://gitlab.com/api/v4/projects/66823602/packages/helm/dev
  version: 0.10.1-dev.c887f760c
- name: ska-tango-base
  repository: https://artefact.skao.int/repository/helm-internal
  version: 0.4.24
digest: sha256:1adbb26f3e45e2bcab01d530423f1b62b398e6bd1997de845473729e7a353096
generated: "2025-10-14T16:55:34.615833135+01:00"
